
Microsoft Visual Studio Solution File, Format Version 12.00
# Visual Studio Version 16
VisualStudioVersion = 16.0.29215.179
MinimumVisualStudioVersion = 10.0.40219.1
Project("{FAE04EC0-301F-11D3-BF4B-00C04F79EFBC}") = "LacoDeRepeticaoFor", "LacoDeRepeticaoFor\LacoDeRepeticaoFor.csproj", "{DADC6D8C-DD2C-4FF6-98C5-115FE4F70A0B}"
EndProject
Global
	GlobalSection(SolutionConfigurationPlatforms) = preSolution
		Debug|Any CPU = Debug|Any CPU
		Release|Any CPU = Release|Any CPU
	EndGlobalSection
	GlobalSection(ProjectConfigurationPlatforms) = postSolution
		{DADC6D8C-DD2C-4FF6-98C5-115FE4F70A0B}.Debug|Any CPU.ActiveCfg = Debug|Any CPU
		{DADC6D8C-DD2C-4FF6-98C5-115FE4F70A0B}.Debug|Any CPU.Build.0 = Debug|Any CPU
		{DADC6D8C-DD2C-4FF6-98C5-115FE4F70A0B}.Release|Any CPU.ActiveCfg = Release|Any CPU
		{DADC6D8C-DD2C-4FF6-98C5-115FE4F70A0B}.Release|Any CPU.Build.0 = Release|Any CPU
	EndGlobalSection
	GlobalSection(SolutionProperties) = preSolution
		HideSolutionNode = FALSE
	EndGlobalSection
	GlobalSection(ExtensibilityGlobals) = postSolution
		SolutionGuid = {0F3B6467-EE62-4FEB-8E49-313414B97DD2}
	EndGlobalSection
EndGlobal
