
Microsoft Visual Studio Solution File, Format Version 12.00
# Visual Studio Version 16
VisualStudioVersion = 16.0.29215.179
MinimumVisualStudioVersion = 10.0.40219.1
Project("{FAE04EC0-301F-11D3-BF4B-00C04F79EFBC}") = "AliquotaIf", "AliquotaIf\AliquotaIf.csproj", "{FDC15060-43F9-4D46-AE14-36C4593C3F4F}"
EndProject
Global
	GlobalSection(SolutionConfigurationPlatforms) = preSolution
		Debug|Any CPU = Debug|Any CPU
		Release|Any CPU = Release|Any CPU
	EndGlobalSection
	GlobalSection(ProjectConfigurationPlatforms) = postSolution
		{FDC15060-43F9-4D46-AE14-36C4593C3F4F}.Debug|Any CPU.ActiveCfg = Debug|Any CPU
		{FDC15060-43F9-4D46-AE14-36C4593C3F4F}.Debug|Any CPU.Build.0 = Debug|Any CPU
		{FDC15060-43F9-4D46-AE14-36C4593C3F4F}.Release|Any CPU.ActiveCfg = Release|Any CPU
		{FDC15060-43F9-4D46-AE14-36C4593C3F4F}.Release|Any CPU.Build.0 = Release|Any CPU
	EndGlobalSection
	GlobalSection(SolutionProperties) = preSolution
		HideSolutionNode = FALSE
	EndGlobalSection
	GlobalSection(ExtensibilityGlobals) = postSolution
		SolutionGuid = {F403E380-95EE-494D-A426-B1102C80F0D7}
	EndGlobalSection
EndGlobal
