
Microsoft Visual Studio Solution File, Format Version 12.00
# Visual Studio Version 16
VisualStudioVersion = 16.0.29215.179
MinimumVisualStudioVersion = 10.0.40219.1
Project("{FAE04EC0-301F-11D3-BF4B-00C04F79EFBC}") = "PrimeiroProjeto", "PrimeiroProjeto\PrimeiroProjeto.csproj", "{402B6F9F-EEA5-44B2-8DC7-F48B8FF56A1C}"
EndProject
Global
	GlobalSection(SolutionConfigurationPlatforms) = preSolution
		Debug|Any CPU = Debug|Any CPU
		Release|Any CPU = Release|Any CPU
	EndGlobalSection
	GlobalSection(ProjectConfigurationPlatforms) = postSolution
		{402B6F9F-EEA5-44B2-8DC7-F48B8FF56A1C}.Debug|Any CPU.ActiveCfg = Debug|Any CPU
		{402B6F9F-EEA5-44B2-8DC7-F48B8FF56A1C}.Debug|Any CPU.Build.0 = Debug|Any CPU
		{402B6F9F-EEA5-44B2-8DC7-F48B8FF56A1C}.Release|Any CPU.ActiveCfg = Release|Any CPU
		{402B6F9F-EEA5-44B2-8DC7-F48B8FF56A1C}.Release|Any CPU.Build.0 = Release|Any CPU
	EndGlobalSection
	GlobalSection(SolutionProperties) = preSolution
		HideSolutionNode = FALSE
	EndGlobalSection
	GlobalSection(ExtensibilityGlobals) = postSolution
		SolutionGuid = {FB784453-0132-439C-B932-11F34289F9C7}
	EndGlobalSection
EndGlobal
